// !$*UTF8*$!
{
	archiveVersion = 1;
	classes = {
	};
	objectVersion = 46;
	objects = {

/* Begin PBXBuildFile section */
		7C5840EB16692BA600B83E08 /* InfoPlist.strings in Resources */ = {isa = PBXBuildFile; fileRef = 7C5840E916692BA600B83E08 /* InfoPlist.strings */; };
		7C5840EF16692BB400B83E08 /* RSSKit-Prefix.pch in Headers */ = {isa = PBXBuildFile; fileRef = 7C5840ED16692BB400B83E08 /* RSSKit-Prefix.pch */; };
		7C58410516692E3F00B83E08 /* NSMutableString+RSSKit.h in Headers */ = {isa = PBXBuildFile; fileRef = 7C5840F716692E3F00B83E08 /* NSMutableString+RSSKit.h */; settings = {ATTRIBUTES = (Public, ); }; };
		7C58410616692E3F00B83E08 /* NSMutableString+RSSKit.m in Sources */ = {isa = PBXBuildFile; fileRef = 7C5840F816692E3F00B83E08 /* NSMutableString+RSSKit.m */; };
		7C58410716692E3F00B83E08 /* RSSAttachedMedia.h in Headers */ = {isa = PBXBuildFile; fileRef = 7C5840F916692E3F00B83E08 /* RSSAttachedMedia.h */; settings = {ATTRIBUTES = (Public, ); }; };
		7C58410816692E3F00B83E08 /* RSSAttachedMedia.m in Sources */ = {isa = PBXBuildFile; fileRef = 7C5840FA16692E3F00B83E08 /* RSSAttachedMedia.m */; };
		7C58410B16692E3F00B83E08 /* RSSDefines.h in Headers */ = {isa = PBXBuildFile; fileRef = 7C5840FD16692E3F00B83E08 /* RSSDefines.h */; settings = {ATTRIBUTES = (Public, ); }; };
		7C58410C16692E3F00B83E08 /* RSSEntry.h in Headers */ = {isa = PBXBuildFile; fileRef = 7C5840FE16692E3F00B83E08 /* RSSEntry.h */; settings = {ATTRIBUTES = (Public, ); }; };
		7C58410D16692E3F00B83E08 /* RSSEntry.m in Sources */ = {isa = PBXBuildFile; fileRef = 7C5840FF16692E3F00B83E08 /* RSSEntry.m */; };
		7C58410E16692E3F00B83E08 /* RSSFeed.h in Headers */ = {isa = PBXBuildFile; fileRef = 7C58410016692E3F00B83E08 /* RSSFeed.h */; settings = {ATTRIBUTES = (Public, ); }; };
		7C58410F16692E3F00B83E08 /* RSSFeed.m in Sources */ = {isa = PBXBuildFile; fileRef = 7C58410116692E3F00B83E08 /* RSSFeed.m */; };
		7C58411016692E3F00B83E08 /* RSSKit.h in Headers */ = {isa = PBXBuildFile; fileRef = 7C58410216692E3F00B83E08 /* RSSKit.h */; settings = {ATTRIBUTES = (Public, ); }; };
		7C58411116692E3F00B83E08 /* RSSParser.h in Headers */ = {isa = PBXBuildFile; fileRef = 7C58410316692E3F00B83E08 /* RSSParser.h */; settings = {ATTRIBUTES = (Public, ); }; };
		7C58411216692E3F00B83E08 /* RSSParser.m in Sources */ = {isa = PBXBuildFile; fileRef = 7C58410416692E3F00B83E08 /* RSSParser.m */; };
		AD6890BE166584C100D63167 /* Cocoa.framework in Frameworks */ = {isa = PBXBuildFile; fileRef = AD6890BD166584C100D63167 /* Cocoa.framework */; };
/* End PBXBuildFile section */

/* Begin PBXFileReference section */
		7C5840EA16692BA600B83E08 /* en */ = {isa = PBXFileReference; lastKnownFileType = text.plist.strings; name = en; path = en.lproj/InfoPlist.strings; sourceTree = SOURCE_ROOT; };
		7C5840EC16692BB400B83E08 /* RSSKit-Info.plist */ = {isa = PBXFileReference; fileEncoding = 4; lastKnownFileType = text.plist.xml; path = "RSSKit-Info.plist"; sourceTree = SOURCE_ROOT; };
		7C5840ED16692BB400B83E08 /* RSSKit-Prefix.pch */ = {isa = PBXFileReference; fileEncoding = 4; lastKnownFileType = sourcecode.c.h; path = "RSSKit-Prefix.pch"; sourceTree = SOURCE_ROOT; };
		7C5840F716692E3F00B83E08 /* NSMutableString+RSSKit.h */ = {isa = PBXFileReference; fileEncoding = 4; lastKnownFileType = sourcecode.c.h; name = "NSMutableString+RSSKit.h"; path = "Classes/NSMutableString+RSSKit.h"; sourceTree = SOURCE_ROOT; };
		7C5840F816692E3F00B83E08 /* NSMutableString+RSSKit.m */ = {isa = PBXFileReference; fileEncoding = 4; lastKnownFileType = sourcecode.c.objc; name = "NSMutableString+RSSKit.m"; path = "Classes/NSMutableString+RSSKit.m"; sourceTree = SOURCE_ROOT; };
		7C5840F916692E3F00B83E08 /* RSSAttachedMedia.h */ = {isa = PBXFileReference; fileEncoding = 4; lastKnownFileType = sourcecode.c.h; name = RSSAttachedMedia.h; path = Classes/RSSAttachedMedia.h; sourceTree = SOURCE_ROOT; };
		7C5840FA16692E3F00B83E08 /* RSSAttachedMedia.m */ = {isa = PBXFileReference; fileEncoding = 4; lastKnownFileType = sourcecode.c.objc; name = RSSAttachedMedia.m; path = Classes/RSSAttachedMedia.m; sourceTree = SOURCE_ROOT; };
		7C5840FD16692E3F00B83E08 /* RSSDefines.h */ = {isa = PBXFileReference; fileEncoding = 4; lastKnownFileType = sourcecode.c.h; name = RSSDefines.h; path = Classes/RSSDefines.h; sourceTree = SOURCE_ROOT; };
		7C5840FE16692E3F00B83E08 /* RSSEntry.h */ = {isa = PBXFileReference; fileEncoding = 4; lastKnownFileType = sourcecode.c.h; name = RSSEntry.h; path = Classes/RSSEntry.h; sourceTree = SOURCE_ROOT; };
		7C5840FF16692E3F00B83E08 /* RSSEntry.m */ = {isa = PBXFileReference; fileEncoding = 4; lastKnownFileType = sourcecode.c.objc; name = RSSEntry.m; path = Classes/RSSEntry.m; sourceTree = SOURCE_ROOT; };
		7C58410016692E3F00B83E08 /* RSSFeed.h */ = {isa = PBXFileReference; fileEncoding = 4; lastKnownFileType = sourcecode.c.h; name = RSSFeed.h; path = Classes/RSSFeed.h; sourceTree = SOURCE_ROOT; };
		7C58410116692E3F00B83E08 /* RSSFeed.m */ = {isa = PBXFileReference; fileEncoding = 4; lastKnownFileType = sourcecode.c.objc; name = RSSFeed.m; path = Classes/RSSFeed.m; sourceTree = SOURCE_ROOT; };
		7C58410216692E3F00B83E08 /* RSSKit.h */ = {isa = PBXFileReference; fileEncoding = 4; lastKnownFileType = sourcecode.c.h; name = RSSKit.h; path = Classes/RSSKit.h; sourceTree = SOURCE_ROOT; };
		7C58410316692E3F00B83E08 /* RSSParser.h */ = {isa = PBXFileReference; fileEncoding = 4; lastKnownFileType = sourcecode.c.h; name = RSSParser.h; path = Classes/RSSParser.h; sourceTree = SOURCE_ROOT; };
		7C58410416692E3F00B83E08 /* RSSParser.m */ = {isa = PBXFileReference; fileEncoding = 4; lastKnownFileType = sourcecode.c.objc; name = RSSParser.m; path = Classes/RSSParser.m; sourceTree = SOURCE_ROOT; };
		AD6890BA166584C100D63167 /* RSSKit.framework */ = {isa = PBXFileReference; explicitFileType = wrapper.framework; includeInIndex = 0; path = RSSKit.framework; sourceTree = BUILT_PRODUCTS_DIR; };
		AD6890BD166584C100D63167 /* Cocoa.framework */ = {isa = PBXFileReference; lastKnownFileType = wrapper.framework; name = Cocoa.framework; path = System/Library/Frameworks/Cocoa.framework; sourceTree = SDKROOT; };
/* End PBXFileReference section */

/* Begin PBXFrameworksBuildPhase section */
		AD6890B6166584C100D63167 /* Frameworks */ = {
			isa = PBXFrameworksBuildPhase;
			buildActionMask = 2147483647;
			files = (
				AD6890BE166584C100D63167 /* Cocoa.framework in Frameworks */,
			);
			runOnlyForDeploymentPostprocessing = 0;
		};
/* End PBXFrameworksBuildPhase section */

/* Begin PBXGroup section */
		AD6890AE166584C100D63167 = {
			isa = PBXGroup;
			children = (
				AD6890C3166584C100D63167 /* RSSKit */,
				AD6890BC166584C100D63167 /* Frameworks */,
				AD6890BB166584C100D63167 /* Products */,
			);
			sourceTree = "<group>";
		};
		AD6890BB166584C100D63167 /* Products */ = {
			isa = PBXGroup;
			children = (
				AD6890BA166584C100D63167 /* RSSKit.framework */,
			);
			name = Products;
			sourceTree = "<group>";
		};
		AD6890BC166584C100D63167 /* Frameworks */ = {
			isa = PBXGroup;
			children = (
				AD6890BD166584C100D63167 /* Cocoa.framework */,
			);
			name = Frameworks;
			sourceTree = "<group>";
		};
		AD6890C3166584C100D63167 /* RSSKit */ = {
			isa = PBXGroup;
			children = (
				7C5840F716692E3F00B83E08 /* NSMutableString+RSSKit.h */,
				7C5840F816692E3F00B83E08 /* NSMutableString+RSSKit.m */,
				7C5840F916692E3F00B83E08 /* RSSAttachedMedia.h */,
				7C5840FA16692E3F00B83E08 /* RSSAttachedMedia.m */,
				7C5840FD16692E3F00B83E08 /* RSSDefines.h */,
				7C5840FE16692E3F00B83E08 /* RSSEntry.h */,
				7C5840FF16692E3F00B83E08 /* RSSEntry.m */,
				7C58410016692E3F00B83E08 /* RSSFeed.h */,
				7C58410116692E3F00B83E08 /* RSSFeed.m */,
				7C58410216692E3F00B83E08 /* RSSKit.h */,
				7C58410316692E3F00B83E08 /* RSSParser.h */,
				7C58410416692E3F00B83E08 /* RSSParser.m */,
				AD6890C4166584C100D63167 /* Supporting Files */,
			);
			path = RSSKit;
			sourceTree = "<group>";
		};
		AD6890C4166584C100D63167 /* Supporting Files */ = {
			isa = PBXGroup;
			children = (
				7C5840EC16692BB400B83E08 /* RSSKit-Info.plist */,
				7C5840ED16692BB400B83E08 /* RSSKit-Prefix.pch */,
				7C5840E916692BA600B83E08 /* InfoPlist.strings */,
			);
			name = "Supporting Files";
			sourceTree = "<group>";
		};
/* End PBXGroup section */

/* Begin PBXHeadersBuildPhase section */
		AD6890B7166584C100D63167 /* Headers */ = {
			isa = PBXHeadersBuildPhase;
			buildActionMask = 2147483647;
			files = (
				7C58410516692E3F00B83E08 /* NSMutableString+RSSKit.h in Headers */,
				7C58410716692E3F00B83E08 /* RSSAttachedMedia.h in Headers */,
				7C58410B16692E3F00B83E08 /* RSSDefines.h in Headers */,
				7C58410C16692E3F00B83E08 /* RSSEntry.h in Headers */,
				7C58410E16692E3F00B83E08 /* RSSFeed.h in Headers */,
				7C58411016692E3F00B83E08 /* RSSKit.h in Headers */,
				7C58411116692E3F00B83E08 /* RSSParser.h in Headers */,
				7C5840EF16692BB400B83E08 /* RSSKit-Prefix.pch in Headers */,
			);
			runOnlyForDeploymentPostprocessing = 0;
		};
/* End PBXHeadersBuildPhase section */

/* Begin PBXNativeTarget section */
		AD6890B9166584C100D63167 /* RSSKit */ = {
			isa = PBXNativeTarget;
			buildConfigurationList = AD6890CF166584C100D63167 /* Build configuration list for PBXNativeTarget "RSSKit" */;
			buildPhases = (
				AD6890B5166584C100D63167 /* Sources */,
				AD6890B6166584C100D63167 /* Frameworks */,
				AD6890B7166584C100D63167 /* Headers */,
				AD6890B8166584C100D63167 /* Resources */,
			);
			buildRules = (
			);
			dependencies = (
			);
			name = RSSKit;
			productName = RSSKit;
			productReference = AD6890BA166584C100D63167 /* RSSKit.framework */;
			productType = "com.apple.product-type.framework";
		};
/* End PBXNativeTarget section */

/* Begin PBXProject section */
		AD6890B0166584C100D63167 /* Project object */ = {
			isa = PBXProject;
			attributes = {
				LastUpgradeCheck = 0450;
				ORGANIZATIONNAME = "Cook Medical";
			};
			buildConfigurationList = AD6890B3166584C100D63167 /* Build configuration list for PBXProject "RSSKit" */;
			compatibilityVersion = "Xcode 3.2";
			developmentRegion = English;
			hasScannedForEncodings = 0;
			knownRegions = (
				en,
			);
			mainGroup = AD6890AE166584C100D63167;
			productRefGroup = AD6890BB166584C100D63167 /* Products */;
			projectDirPath = "";
			projectRoot = "";
			targets = (
				AD6890B9166584C100D63167 /* RSSKit */,
			);
		};
/* End PBXProject section */

/* Begin PBXResourcesBuildPhase section */
		AD6890B8166584C100D63167 /* Resources */ = {
			isa = PBXResourcesBuildPhase;
			buildActionMask = 2147483647;
			files = (
				7C5840EB16692BA600B83E08 /* InfoPlist.strings in Resources */,
			);
			runOnlyForDeploymentPostprocessing = 0;
		};
/* End PBXResourcesBuildPhase section */

/* Begin PBXSourcesBuildPhase section */
		AD6890B5166584C100D63167 /* Sources */ = {
			isa = PBXSourcesBuildPhase;
			buildActionMask = 2147483647;
			files = (
				7C58410616692E3F00B83E08 /* NSMutableString+RSSKit.m in Sources */,
				7C58410816692E3F00B83E08 /* RSSAttachedMedia.m in Sources */,
				7C58410D16692E3F00B83E08 /* RSSEntry.m in Sources */,
				7C58410F16692E3F00B83E08 /* RSSFeed.m in Sources */,
				7C58411216692E3F00B83E08 /* RSSParser.m in Sources */,
			);
			runOnlyForDeploymentPostprocessing = 0;
		};
/* End PBXSourcesBuildPhase section */

/* Begin PBXVariantGroup section */
		7C5840E916692BA600B83E08 /* InfoPlist.strings */ = {
			isa = PBXVariantGroup;
			children = (
				7C5840EA16692BA600B83E08 /* en */,
			);
			name = InfoPlist.strings;
			sourceTree = "<group>";
		};
/* End PBXVariantGroup section */

/* Begin XCBuildConfiguration section */
		AD6890CD166584C100D63167 /* Debug */ = {
			isa = XCBuildConfiguration;
			buildSettings = {
				ALWAYS_SEARCH_USER_PATHS = NO;
				ARCHS = "$(ARCHS_STANDARD_64_BIT)";
				CLANG_CXX_LANGUAGE_STANDARD = "gnu++0x";
				CLANG_CXX_LIBRARY = "libc++";
				CLANG_ENABLE_OBJC_ARC = YES;
				CLANG_WARN_EMPTY_BODY = YES;
				CLANG_WARN__DUPLICATE_METHOD_MATCH = YES;
				COPY_PHASE_STRIP = NO;
				GCC_C_LANGUAGE_STANDARD = gnu99;
				GCC_DYNAMIC_NO_PIC = NO;
				GCC_ENABLE_OBJC_EXCEPTIONS = YES;
				GCC_OPTIMIZATION_LEVEL = 0;
				GCC_PREPROCESSOR_DEFINITIONS = (
					"DEBUG=1",
					"$(inherited)",
				);
				GCC_SYMBOLS_PRIVATE_EXTERN = NO;
				GCC_WARN_64_TO_32_BIT_CONVERSION = YES;
				GCC_WARN_ABOUT_RETURN_TYPE = YES;
				GCC_WARN_UNINITIALIZED_AUTOS = YES;
				GCC_WARN_UNUSED_VARIABLE = YES;
				MACOSX_DEPLOYMENT_TARGET = 10.8;
				ONLY_ACTIVE_ARCH = YES;
				SDKROOT = macosx;
			};
			name = Debug;
		};
		AD6890CE166584C100D63167 /* Release */ = {
			isa = XCBuildConfiguration;
			buildSettings = {
				ALWAYS_SEARCH_USER_PATHS = NO;
				ARCHS = "$(ARCHS_STANDARD_64_BIT)";
				CLANG_CXX_LANGUAGE_STANDARD = "gnu++0x";
				CLANG_CXX_LIBRARY = "libc++";
				CLANG_ENABLE_OBJC_ARC = YES;
				CLANG_WARN_EMPTY_BODY = YES;
				CLANG_WARN__DUPLICATE_METHOD_MATCH = YES;
				COPY_PHASE_STRIP = YES;
				DEBUG_INFORMATION_FORMAT = "dwarf-with-dsym";
				GCC_C_LANGUAGE_STANDARD = gnu99;
				GCC_ENABLE_OBJC_EXCEPTIONS = YES;
				GCC_WARN_64_TO_32_BIT_CONVERSION = YES;
				GCC_WARN_ABOUT_RETURN_TYPE = YES;
				GCC_WARN_UNINITIALIZED_AUTOS = YES;
				GCC_WARN_UNUSED_VARIABLE = YES;
				MACOSX_DEPLOYMENT_TARGET = 10.8;
				SDKROOT = macosx;
			};
			name = Release;
		};
		AD6890D0166584C100D63167 /* Debug */ = {
			isa = XCBuildConfiguration;
			buildSettings = {
				COMBINE_HIDPI_IMAGES = YES;
				DYLIB_COMPATIBILITY_VERSION = 1;
				DYLIB_CURRENT_VERSION = 1;
				FRAMEWORK_VERSION = A;
				GCC_PRECOMPILE_PREFIX_HEADER = YES;
				GCC_PREFIX_HEADER = "RSSKit-Prefix.pch";
				INFOPLIST_FILE = "RSSKit-Info.plist";
				INSTALL_PATH = "@executable_path/../Frameworks";
				PRODUCT_NAME = "$(TARGET_NAME)";
				WRAPPER_EXTENSION = framework;
			};
			name = Debug;
		};
		AD6890D1166584C100D63167 /* Release */ = {
			isa = XCBuildConfiguration;
			buildSettings = {
				COMBINE_HIDPI_IMAGES = YES;
				DYLIB_COMPATIBILITY_VERSION = 1;
				DYLIB_CURRENT_VERSION = 1;
				FRAMEWORK_VERSION = A;
				GCC_PRECOMPILE_PREFIX_HEADER = YES;
				GCC_PREFIX_HEADER = "RSSKit-Prefix.pch";
				INFOPLIST_FILE = "RSSKit-Info.plist";
				INSTALL_PATH = "@executable_path/../Frameworks";
				PRODUCT_NAME = "$(TARGET_NAME)";
				WRAPPER_EXTENSION = framework;
			};
			name = Release;
		};
/* End XCBuildConfiguration section */

/* Begin XCConfigurationList section */
		AD6890B3166584C100D63167 /* Build configuration list for PBXProject "RSSKit" */ = {
			isa = XCConfigurationList;
			buildConfigurations = (
				AD6890CD166584C100D63167 /* Debug */,
				AD6890CE166584C100D63167 /* Release */,
			);
			defaultConfigurationIsVisible = 0;
			defaultConfigurationName = Release;
		};
		AD6890CF166584C100D63167 /* Build configuration list for PBXNativeTarget "RSSKit" */ = {
			isa = XCConfigurationList;
			buildConfigurations = (
				AD6890D0166584C100D63167 /* Debug */,
				AD6890D1166584C100D63167 /* Release */,
			);
			defaultConfigurationIsVisible = 0;
			defaultConfigurationName = Release;
		};
/* End XCConfigurationList section */
	};
	rootObject = AD6890B0166584C100D63167 /* Project object */;
}
